
Microsoft Visual Studio Solution File, Format Version 12.00
# Visual Studio Version 16
VisualStudioVersion = 16.0.29215.179
MinimumVisualStudioVersion = 10.0.40219.1
Project("{FAE04EC0-301F-11D3-BF4B-00C04F79EFBC}") = "loopmethod", "loopmethod\loopmethod.csproj", "{DC28CDDB-8911-43FC-A5F0-D59A391AC6B9}"
EndProject
Global
	GlobalSection(SolutionConfigurationPlatforms) = preSolution
		Debug|Any CPU = Debug|Any CPU
		Release|Any CPU = Release|Any CPU
	EndGlobalSection
	GlobalSection(ProjectConfigurationPlatforms) = postSolution
		{DC28CDDB-8911-43FC-A5F0-D59A391AC6B9}.Debug|Any CPU.ActiveCfg = Debug|Any CPU
		{DC28CDDB-8911-43FC-A5F0-D59A391AC6B9}.Debug|Any CPU.Build.0 = Debug|Any CPU
		{DC28CDDB-8911-43FC-A5F0-D59A391AC6B9}.Release|Any CPU.ActiveCfg = Release|Any CPU
		{DC28CDDB-8911-43FC-A5F0-D59A391AC6B9}.Release|Any CPU.Build.0 = Release|Any CPU
	EndGlobalSection
	GlobalSection(SolutionProperties) = preSolution
		HideSolutionNode = FALSE
	EndGlobalSection
	GlobalSection(ExtensibilityGlobals) = postSolution
		SolutionGuid = {8B7DFB11-8B26-49F3-8D57-5DC1EE7699B6}
	EndGlobalSection
EndGlobal
